
Microsoft Visual Studio Solution File, Format Version 12.00
# Visual Studio Version 17
VisualStudioVersion = 17.6.33829.357
MinimumVisualStudioVersion = 10.0.40219.1
Project("{8BC9CEB8-8B4A-11D0-8D11-00A0C91BC942}") = "Advance", "Advance\Advance.vcxproj", "{2E54F675-6C57-41EB-9AE0-E802701ACE5B}"
EndProject
Project("{8BC9CEB8-8B4A-11D0-8D11-00A0C91BC942}") = "Advvance", "Advvance\Advvance.vcxproj", "{469539DD-2FBB-438A-A5F8-28E33B2D358B}"
EndProject
Project("{8BC9CEB8-8B4A-11D0-8D11-00A0C91BC942}") = "Basic", "basic\basic.vcxproj", "{BB6DAC14-B0DF-4010-853E-E52E74F4FFD4}"
EndProject
Project("{8BC9CEB8-8B4A-11D0-8D11-00A0C91BC942}") = "Basic1", "Basic1\Basic1.vcxproj", "{DCBF39F8-4403-45B8-B65E-FFAED5381618}"
EndProject
Global
	GlobalSection(SolutionConfigurationPlatforms) = preSolution
		Debug|x64 = Debug|x64
		Debug|x86 = Debug|x86
		Release|x64 = Release|x64
		Release|x86 = Release|x86
	EndGlobalSection
	GlobalSection(ProjectConfigurationPlatforms) = postSolution
		{2E54F675-6C57-41EB-9AE0-E802701ACE5B}.Debug|x64.ActiveCfg = Debug|x64
		{2E54F675-6C57-41EB-9AE0-E802701ACE5B}.Debug|x64.Build.0 = Debug|x64
		{2E54F675-6C57-41EB-9AE0-E802701ACE5B}.Debug|x86.ActiveCfg = Debug|Win32
		{2E54F675-6C57-41EB-9AE0-E802701ACE5B}.Debug|x86.Build.0 = Debug|Win32
		{2E54F675-6C57-41EB-9AE0-E802701ACE5B}.Release|x64.ActiveCfg = Release|x64
		{2E54F675-6C57-41EB-9AE0-E802701ACE5B}.Release|x64.Build.0 = Release|x64
		{2E54F675-6C57-41EB-9AE0-E802701ACE5B}.Release|x86.ActiveCfg = Release|Win32
		{2E54F675-6C57-41EB-9AE0-E802701ACE5B}.Release|x86.Build.0 = Release|Win32
		{469539DD-2FBB-438A-A5F8-28E33B2D358B}.Debug|x64.ActiveCfg = Debug|x64
		{469539DD-2FBB-438A-A5F8-28E33B2D358B}.Debug|x64.Build.0 = Debug|x64
		{469539DD-2FBB-438A-A5F8-28E33B2D358B}.Debug|x86.ActiveCfg = Debug|Win32
		{469539DD-2FBB-438A-A5F8-28E33B2D358B}.Debug|x86.Build.0 = Debug|Win32
		{469539DD-2FBB-438A-A5F8-28E33B2D358B}.Release|x64.ActiveCfg = Release|x64
		{469539DD-2FBB-438A-A5F8-28E33B2D358B}.Release|x64.Build.0 = Release|x64
		{469539DD-2FBB-438A-A5F8-28E33B2D358B}.Release|x86.ActiveCfg = Release|Win32
		{469539DD-2FBB-438A-A5F8-28E33B2D358B}.Release|x86.Build.0 = Release|Win32
		{BB6DAC14-B0DF-4010-853E-E52E74F4FFD4}.Debug|x64.ActiveCfg = Debug|x64
		{BB6DAC14-B0DF-4010-853E-E52E74F4FFD4}.Debug|x64.Build.0 = Debug|x64
		{BB6DAC14-B0DF-4010-853E-E52E74F4FFD4}.Debug|x86.ActiveCfg = Debug|Win32
		{BB6DAC14-B0DF-4010-853E-E52E74F4FFD4}.Debug|x86.Build.0 = Debug|Win32
		{BB6DAC14-B0DF-4010-853E-E52E74F4FFD4}.Release|x64.ActiveCfg = Release|x64
		{BB6DAC14-B0DF-4010-853E-E52E74F4FFD4}.Release|x64.Build.0 = Release|x64
		{BB6DAC14-B0DF-4010-853E-E52E74F4FFD4}.Release|x86.ActiveCfg = Release|Win32
		{BB6DAC14-B0DF-4010-853E-E52E74F4FFD4}.Release|x86.Build.0 = Release|Win32
		{DCBF39F8-4403-45B8-B65E-FFAED5381618}.Debug|x64.ActiveCfg = Debug|x64
		{DCBF39F8-4403-45B8-B65E-FFAED5381618}.Debug|x64.Build.0 = Debug|x64
		{DCBF39F8-4403-45B8-B65E-FFAED5381618}.Debug|x86.ActiveCfg = Debug|Win32
		{DCBF39F8-4403-45B8-B65E-FFAED5381618}.Debug|x86.Build.0 = Debug|Win32
		{DCBF39F8-4403-45B8-B65E-FFAED5381618}.Release|x64.ActiveCfg = Release|x64
		{DCBF39F8-4403-45B8-B65E-FFAED5381618}.Release|x64.Build.0 = Release|x64
		{DCBF39F8-4403-45B8-B65E-FFAED5381618}.Release|x86.ActiveCfg = Release|Win32
		{DCBF39F8-4403-45B8-B65E-FFAED5381618}.Release|x86.Build.0 = Release|Win32
	EndGlobalSection
	GlobalSection(SolutionProperties) = preSolution
		HideSolutionNode = FALSE
	EndGlobalSection
	GlobalSection(ExtensibilityGlobals) = postSolution
		SolutionGuid = {0E1A09C8-2DD6-4AA8-A14B-2F34E0E0D999}
	EndGlobalSection
EndGlobal
